lockfileVersion: '9.0'

settings:
  autoInstallPeers: true
  excludeLinksFromLockfile: false

importers:

  .:
    devDependencies:
      markdown-it:
        specifier: 14.1.0
        version: 14.1.0
      vitepress:
        specifier: 1.3.4
        version: 1.3.4(@algolia/client-search@4.22.1)(postcss@8.4.44)(search-insights@2.13.0)
      vue:
        specifier: 3.5.3
        version: 3.5.3

packages:

  '@algolia/autocomplete-core@1.9.3':
    resolution: {integrity: sha512-009HdfugtGCdC4JdXUbVJClA0q0zh24yyePn+KUGk3rP7j8FEe/m5Yo/z65gn6nP/cM39PxpzqKrL7A6fP6PPw==}

  '@algolia/autocomplete-plugin-algolia-insights@1.9.3':
    resolution: {integrity: sha512-a/yTUkcO/Vyy+JffmAnTWbr4/90cLzw+CC3bRbhnULr/EM0fGNvM13oQQ14f2moLMcVDyAx/leczLlAOovhSZg==}
    peerDependencies:
      search-insights: '>= 1 < 3'

  '@algolia/autocomplete-preset-algolia@1.9.3':
    resolution: {integrity: sha512-d4qlt6YmrLMYy95n5TB52wtNDr6EgAIPH81dvvvW8UmuWRgxEtY0NJiPwl/h95JtG2vmRM804M0DSwMCNZlzRA==}
    peerDependencies:
      '@algolia/client-search': '>= 4.9.1 < 6'
      algoliasearch: '>= 4.9.1 < 6'

  '@algolia/autocomplete-shared@1.9.3':
    resolution: {integrity: sha512-Wnm9E4Ye6Rl6sTTqjoymD+l8DjSTHsHboVRYrKgEt8Q7UHm9nYbqhN/i0fhUYA3OAEH7WA8x3jfpnmJm3rKvaQ==}
    peerDependencies:
      '@algolia/client-search': '>= 4.9.1 < 6'
      algoliasearch: '>= 4.9.1 < 6'

  '@algolia/cache-browser-local-storage@4.22.1':
    resolution: {integrity: sha512-Sw6IAmOCvvP6QNgY9j+Hv09mvkvEIDKjYW8ow0UDDAxSXy664RBNQk3i/0nt7gvceOJ6jGmOTimaZoY1THmU7g==}

  '@algolia/cache-common@4.22.1':
    resolution: {integrity: sha512-TJMBKqZNKYB9TptRRjSUtevJeQVXRmg6rk9qgFKWvOy8jhCPdyNZV1nB3SKGufzvTVbomAukFR8guu/8NRKBTA==}

  '@algolia/cache-in-memory@4.22.1':
    resolution: {integrity: sha512-ve+6Ac2LhwpufuWavM/aHjLoNz/Z/sYSgNIXsinGofWOysPilQZPUetqLj8vbvi+DHZZaYSEP9H5SRVXnpsNNw==}

  '@algolia/client-account@4.22.1':
    resolution: {integrity: sha512-k8m+oegM2zlns/TwZyi4YgCtyToackkOpE+xCaKCYfBfDtdGOaVZCM5YvGPtK+HGaJMIN/DoTL8asbM3NzHonw==}

  '@algolia/client-analytics@4.22.1':
    resolution: {integrity: sha512-1ssi9pyxyQNN4a7Ji9R50nSdISIumMFDwKNuwZipB6TkauJ8J7ha/uO60sPJFqQyqvvI+px7RSNRQT3Zrvzieg==}

  '@algolia/client-common@4.22.1':
    resolution: {integrity: sha512-IvaL5v9mZtm4k4QHbBGDmU3wa/mKokmqNBqPj0K7lcR8ZDKzUorhcGp/u8PkPC/e0zoHSTvRh7TRkGX3Lm7iOQ==}

  '@algolia/client-personalization@4.22.1':
    resolution: {integrity: sha512-sl+/klQJ93+4yaqZ7ezOttMQ/nczly/3GmgZXJ1xmoewP5jmdP/X/nV5U7EHHH3hCUEHeN7X1nsIhGPVt9E1cQ==}

  '@algolia/client-search@4.22.1':
    resolution: {integrity: sha512-yb05NA4tNaOgx3+rOxAmFztgMTtGBi97X7PC3jyNeGiwkAjOZc2QrdZBYyIdcDLoI09N0gjtpClcackoTN0gPA==}

  '@algolia/logger-common@4.22.1':
    resolution: {integrity: sha512-OnTFymd2odHSO39r4DSWRFETkBufnY2iGUZNrMXpIhF5cmFE8pGoINNPzwg02QLBlGSaLqdKy0bM8S0GyqPLBg==}

  '@algolia/logger-console@4.22.1':
    resolution: {integrity: sha512-O99rcqpVPKN1RlpgD6H3khUWylU24OXlzkavUAMy6QZd1776QAcauE3oP8CmD43nbaTjBexZj2nGsBH9Tc0FVA==}

  '@algolia/requester-browser-xhr@4.22.1':
    resolution: {integrity: sha512-dtQGYIg6MteqT1Uay3J/0NDqD+UciHy3QgRbk7bNddOJu+p3hzjTRYESqEnoX/DpEkaNYdRHUKNylsqMpgwaEw==}

  '@algolia/requester-common@4.22.1':
    resolution: {integrity: sha512-dgvhSAtg2MJnR+BxrIFqlLtkLlVVhas9HgYKMk2Uxiy5m6/8HZBL40JVAMb2LovoPFs9I/EWIoFVjOrFwzn5Qg==}

  '@algolia/requester-node-http@4.22.1':
    resolution: {integrity: sha512-JfmZ3MVFQkAU+zug8H3s8rZ6h0ahHZL/SpMaSasTCGYR5EEJsCc8SI5UZ6raPN2tjxa5bxS13BRpGSBUens7EA==}

  '@algolia/transporter@4.22.1':
    resolution: {integrity: sha512-kzWgc2c9IdxMa3YqA6TN0NW5VrKYYW/BELIn7vnLyn+U/RFdZ4lxxt9/8yq3DKV5snvoDzzO4ClyejZRdV3lMQ==}

  '@babel/helper-string-parser@7.24.8':
    resolution: {integrity: sha512-pO9KhhRcuUyGnJWwyEgnRJTSIZHiT+vMD0kPeD+so0l7mxkMT19g3pjY9GTnHySck/hDzq+dtW/4VgnMkippsQ==}
    engines: {node: '>=6.9.0'}

  '@babel/helper-validator-identifier@7.24.7':
    resolution: {integrity: sha512-rR+PBcQ1SMQDDyF6X0wxtG8QyLCgUB0eRAGguqRLfkCA87l7yAP7ehq8SNj96OOGTO8OBV70KhuFYcIkHXOg0w==}
    engines: {node: '>=6.9.0'}

  '@babel/parser@7.25.6':
    resolution: {integrity: sha512-trGdfBdbD0l1ZPmcJ83eNxB9rbEax4ALFTF7fN386TMYbeCQbyme5cOEXQhbGXKebwGaB/J52w1mrklMcbgy6Q==}
    engines: {node: '>=6.0.0'}
    hasBin: true

  '@babel/types@7.25.6':
    resolution: {integrity: sha512-/l42B1qxpG6RdfYf343Uw1vmDjeNhneUXtzhojE7pDgfpEypmRhI6j1kr17XCVv4Cgl9HdAiQY2x0GwKm7rWCw==}
    engines: {node: '>=6.9.0'}

  '@docsearch/css@3.6.1':
    resolution: {integrity: sha512-VtVb5DS+0hRIprU2CO6ZQjK2Zg4QU5HrDM1+ix6rT0umsYvFvatMAnf97NHZlVWDaaLlx7GRfR/7FikANiM2Fg==}

  '@docsearch/js@3.6.1':
    resolution: {integrity: sha512-erI3RRZurDr1xES5hvYJ3Imp7jtrXj6f1xYIzDzxiS7nNBufYWPbJwrmMqWC5g9y165PmxEmN9pklGCdLi0Iqg==}

  '@docsearch/react@3.6.1':
    resolution: {integrity: sha512-qXZkEPvybVhSXj0K7U3bXc233tk5e8PfhoZ6MhPOiik/qUQxYC+Dn9DnoS7CxHQQhHfCvTiN0eY9M12oRghEXw==}
    peerDependencies:
      '@types/react': '>= 16.8.0 < 19.0.0'
      react: '>= 16.8.0 < 19.0.0'
      react-dom: '>= 16.8.0 < 19.0.0'
      search-insights: '>= 1 < 3'
    peerDependenciesMeta:
      '@types/react':
        optional: true
      react:
        optional: true
      react-dom:
        optional: true
      search-insights:
        optional: true

  '@esbuild/aix-ppc64@0.21.5':
    resolution: {integrity: sha512-1SDgH6ZSPTlggy1yI6+Dbkiz8xzpHJEVAlF/AM1tHPLsf5STom9rwtjE4hKAF20FfXXNTFqEYXyJNWh1GiZedQ==}
    engines: {node: '>=12'}
    cpu: [ppc64]
    os: [aix]

  '@esbuild/android-arm64@0.21.5':
    resolution: {integrity: sha512-c0uX9VAUBQ7dTDCjq+wdyGLowMdtR/GoC2U5IYk/7D1H1JYC0qseD7+11iMP2mRLN9RcCMRcjC4YMclCzGwS/A==}
    engines: {node: '>=12'}
    cpu: [arm64]
    os: [android]

  '@esbuild/android-arm@0.21.5':
    resolution: {integrity: sha512-vCPvzSjpPHEi1siZdlvAlsPxXl7WbOVUBBAowWug4rJHb68Ox8KualB+1ocNvT5fjv6wpkX6o/iEpbDrf68zcg==}
    engines: {node: '>=12'}
    cpu: [arm]
    os: [android]

  '@esbuild/android-x64@0.21.5':
    resolution: {integrity: sha512-D7aPRUUNHRBwHxzxRvp856rjUHRFW1SdQATKXH2hqA0kAZb1hKmi02OpYRacl0TxIGz/ZmXWlbZgjwWYaCakTA==}
    engines: {node: '>=12'}
    cpu: [x64]
    os: [android]

  '@esbuild/darwin-arm64@0.21.5':
    resolution: {integrity: sha512-DwqXqZyuk5AiWWf3UfLiRDJ5EDd49zg6O9wclZ7kUMv2WRFr4HKjXp/5t8JZ11QbQfUS6/cRCKGwYhtNAY88kQ==}
    engines: {node: '>=12'}
    cpu: [arm64]
    os: [darwin]

  '@esbuild/darwin-x64@0.21.5':
    resolution: {integrity: sha512-se/JjF8NlmKVG4kNIuyWMV/22ZaerB+qaSi5MdrXtd6R08kvs2qCN4C09miupktDitvh8jRFflwGFBQcxZRjbw==}
    engines: {node: '>=12'}
    cpu: [x64]
    os: [darwin]

  '@esbuild/freebsd-arm64@0.21.5':
    resolution: {integrity: sha512-5JcRxxRDUJLX8JXp/wcBCy3pENnCgBR9bN6JsY4OmhfUtIHe3ZW0mawA7+RDAcMLrMIZaf03NlQiX9DGyB8h4g==}
    engines: {node: '>=12'}
    cpu: [arm64]
    os: [freebsd]

  '@esbuild/freebsd-x64@0.21.5':
    resolution: {integrity: sha512-J95kNBj1zkbMXtHVH29bBriQygMXqoVQOQYA+ISs0/2l3T9/kj42ow2mpqerRBxDJnmkUDCaQT/dfNXWX/ZZCQ==}
    engines: {node: '>=12'}
    cpu: [x64]
    os: [freebsd]

  '@esbuild/linux-arm64@0.21.5':
    resolution: {integrity: sha512-ibKvmyYzKsBeX8d8I7MH/TMfWDXBF3db4qM6sy+7re0YXya+K1cem3on9XgdT2EQGMu4hQyZhan7TeQ8XkGp4Q==}
    engines: {node: '>=12'}
    cpu: [arm64]
    os: [linux]

  '@esbuild/linux-arm@0.21.5':
    resolution: {integrity: sha512-bPb5AHZtbeNGjCKVZ9UGqGwo8EUu4cLq68E95A53KlxAPRmUyYv2D6F0uUI65XisGOL1hBP5mTronbgo+0bFcA==}
    engines: {node: '>=12'}
    cpu: [arm]
    os: [linux]

  '@esbuild/linux-ia32@0.21.5':
    resolution: {integrity: sha512-YvjXDqLRqPDl2dvRODYmmhz4rPeVKYvppfGYKSNGdyZkA01046pLWyRKKI3ax8fbJoK5QbxblURkwK/MWY18Tg==}
    engines: {node: '>=12'}
    cpu: [ia32]
    os: [linux]

  '@esbuild/linux-loong64@0.21.5':
    resolution: {integrity: sha512-uHf1BmMG8qEvzdrzAqg2SIG/02+4/DHB6a9Kbya0XDvwDEKCoC8ZRWI5JJvNdUjtciBGFQ5PuBlpEOXQj+JQSg==}
    engines: {node: '>=12'}
    cpu: [loong64]
    os: [linux]

  '@esbuild/linux-mips64el@0.21.5':
    resolution: {integrity: sha512-IajOmO+KJK23bj52dFSNCMsz1QP1DqM6cwLUv3W1QwyxkyIWecfafnI555fvSGqEKwjMXVLokcV5ygHW5b3Jbg==}
    engines: {node: '>=12'}
    cpu: [mips64el]
    os: [linux]

  '@esbuild/linux-ppc64@0.21.5':
    resolution: {integrity: sha512-1hHV/Z4OEfMwpLO8rp7CvlhBDnjsC3CttJXIhBi+5Aj5r+MBvy4egg7wCbe//hSsT+RvDAG7s81tAvpL2XAE4w==}
    engines: {node: '>=12'}
    cpu: [ppc64]
    os: [linux]

  '@esbuild/linux-riscv64@0.21.5':
    resolution: {integrity: sha512-2HdXDMd9GMgTGrPWnJzP2ALSokE/0O5HhTUvWIbD3YdjME8JwvSCnNGBnTThKGEB91OZhzrJ4qIIxk/SBmyDDA==}
    engines: {node: '>=12'}
    cpu: [riscv64]
    os: [linux]

  '@esbuild/linux-s390x@0.21.5':
    resolution: {integrity: sha512-zus5sxzqBJD3eXxwvjN1yQkRepANgxE9lgOW2qLnmr8ikMTphkjgXu1HR01K4FJg8h1kEEDAqDcZQtbrRnB41A==}
    engines: {node: '>=12'}
    cpu: [s390x]
    os: [linux]

  '@esbuild/linux-x64@0.21.5':
    resolution: {integrity: sha512-1rYdTpyv03iycF1+BhzrzQJCdOuAOtaqHTWJZCWvijKD2N5Xu0TtVC8/+1faWqcP9iBCWOmjmhoH94dH82BxPQ==}
    engines: {node: '>=12'}
    cpu: [x64]
    os: [linux]

  '@esbuild/netbsd-x64@0.21.5':
    resolution: {integrity: sha512-Woi2MXzXjMULccIwMnLciyZH4nCIMpWQAs049KEeMvOcNADVxo0UBIQPfSmxB3CWKedngg7sWZdLvLczpe0tLg==}
    engines: {node: '>=12'}
    cpu: [x64]
    os: [netbsd]

  '@esbuild/openbsd-x64@0.21.5':
    resolution: {integrity: sha512-HLNNw99xsvx12lFBUwoT8EVCsSvRNDVxNpjZ7bPn947b8gJPzeHWyNVhFsaerc0n3TsbOINvRP2byTZ5LKezow==}
    engines: {node: '>=12'}
    cpu: [x64]
    os: [openbsd]

  '@esbuild/sunos-x64@0.21.5':
    resolution: {integrity: sha512-6+gjmFpfy0BHU5Tpptkuh8+uw3mnrvgs+dSPQXQOv3ekbordwnzTVEb4qnIvQcYXq6gzkyTnoZ9dZG+D4garKg==}
    engines: {node: '>=12'}
    cpu: [x64]
    os: [sunos]

  '@esbuild/win32-arm64@0.21.5':
    resolution: {integrity: sha512-Z0gOTd75VvXqyq7nsl93zwahcTROgqvuAcYDUr+vOv8uHhNSKROyU961kgtCD1e95IqPKSQKH7tBTslnS3tA8A==}
    engines: {node: '>=12'}
    cpu: [arm64]
    os: [win32]

  '@esbuild/win32-ia32@0.21.5':
    resolution: {integrity: sha512-SWXFF1CL2RVNMaVs+BBClwtfZSvDgtL//G/smwAc5oVK/UPu2Gu9tIaRgFmYFFKrmg3SyAjSrElf0TiJ1v8fYA==}
    engines: {node: '>=12'}
    cpu: [ia32]
    os: [win32]

  '@esbuild/win32-x64@0.21.5':
    resolution: {integrity: sha512-tQd/1efJuzPC6rCFwEvLtci/xNFcTZknmXs98FYDfGE4wP9ClFV98nyKrzJKVPMhdDnjzLhdUyMX4PsQAPjwIw==}
    engines: {node: '>=12'}
    cpu: [x64]
    os: [win32]

  '@jridgewell/sourcemap-codec@1.5.0':
    resolution: {integrity: sha512-gv3ZRaISU3fjPAgNsriBRqGWQL6quFx04YMPW/zD8XMLsU32mhCCbfbO6KZFLjvYpCZ8zyDEgqsgf+PwPaM7GQ==}

  '@rollup/rollup-android-arm-eabi@4.13.0':
    resolution: {integrity: sha512-5ZYPOuaAqEH/W3gYsRkxQATBW3Ii1MfaT4EQstTnLKViLi2gLSQmlmtTpGucNP3sXEpOiI5tdGhjdE111ekyEg==}
    cpu: [arm]
    os: [android]

  '@rollup/rollup-android-arm64@4.13.0':
    resolution: {integrity: sha512-BSbaCmn8ZadK3UAQdlauSvtaJjhlDEjS5hEVVIN3A4bbl3X+otyf/kOJV08bYiRxfejP3DXFzO2jz3G20107+Q==}
    cpu: [arm64]
    os: [android]

  '@rollup/rollup-darwin-arm64@4.13.0':
    resolution: {integrity: sha512-Ovf2evVaP6sW5Ut0GHyUSOqA6tVKfrTHddtmxGQc1CTQa1Cw3/KMCDEEICZBbyppcwnhMwcDce9ZRxdWRpVd6g==}
    cpu: [arm64]
    os: [darwin]

  '@rollup/rollup-darwin-x64@4.13.0':
    resolution: {integrity: sha512-U+Jcxm89UTK592vZ2J9st9ajRv/hrwHdnvyuJpa5A2ngGSVHypigidkQJP+YiGL6JODiUeMzkqQzbCG3At81Gg==}
    cpu: [x64]
    os: [darwin]

  '@rollup/rollup-linux-arm-gnueabihf@4.13.0':
    resolution: {integrity: sha512-8wZidaUJUTIR5T4vRS22VkSMOVooG0F4N+JSwQXWSRiC6yfEsFMLTYRFHvby5mFFuExHa/yAp9juSphQQJAijQ==}
    cpu: [arm]
    os: [linux]

  '@rollup/rollup-linux-arm64-gnu@4.13.0':
    resolution: {integrity: sha512-Iu0Kno1vrD7zHQDxOmvweqLkAzjxEVqNhUIXBsZ8hu8Oak7/5VTPrxOEZXYC1nmrBVJp0ZcL2E7lSuuOVaE3+w==}
    cpu: [arm64]
    os: [linux]

  '@rollup/rollup-linux-arm64-musl@4.13.0':
    resolution: {integrity: sha512-C31QrW47llgVyrRjIwiOwsHFcaIwmkKi3PCroQY5aVq4H0A5v/vVVAtFsI1nfBngtoRpeREvZOkIhmRwUKkAdw==}
    cpu: [arm64]
    os: [linux]

  '@rollup/rollup-linux-riscv64-gnu@4.13.0':
    resolution: {integrity: sha512-Oq90dtMHvthFOPMl7pt7KmxzX7E71AfyIhh+cPhLY9oko97Zf2C9tt/XJD4RgxhaGeAraAXDtqxvKE1y/j35lA==}
    cpu: [riscv64]
    os: [linux]

  '@rollup/rollup-linux-x64-gnu@4.13.0':
    resolution: {integrity: sha512-yUD/8wMffnTKuiIsl6xU+4IA8UNhQ/f1sAnQebmE/lyQ8abjsVyDkyRkWop0kdMhKMprpNIhPmYlCxgHrPoXoA==}
    cpu: [x64]
    os: [linux]

  '@rollup/rollup-linux-x64-musl@4.13.0':
    resolution: {integrity: sha512-9RyNqoFNdF0vu/qqX63fKotBh43fJQeYC98hCaf89DYQpv+xu0D8QFSOS0biA7cGuqJFOc1bJ+m2rhhsKcw1hw==}
    cpu: [x64]
    os: [linux]

  '@rollup/rollup-win32-arm64-msvc@4.13.0':
    resolution: {integrity: sha512-46ue8ymtm/5PUU6pCvjlic0z82qWkxv54GTJZgHrQUuZnVH+tvvSP0LsozIDsCBFO4VjJ13N68wqrKSeScUKdA==}
    cpu: [arm64]
    os: [win32]

  '@rollup/rollup-win32-ia32-msvc@4.13.0':
    resolution: {integrity: sha512-P5/MqLdLSlqxbeuJ3YDeX37srC8mCflSyTrUsgbU1c/U9j6l2g2GiIdYaGD9QjdMQPMSgYm7hgg0551wHyIluw==}
    cpu: [ia32]
    os: [win32]

  '@rollup/rollup-win32-x64-msvc@4.13.0':
    resolution: {integrity: sha512-UKXUQNbO3DOhzLRwHSpa0HnhhCgNODvfoPWv2FCXme8N/ANFfhIPMGuOT+QuKd16+B5yxZ0HdpNlqPvTMS1qfw==}
    cpu: [x64]
    os: [win32]

  '@shikijs/core@1.14.1':
    resolution: {integrity: sha512-KyHIIpKNaT20FtFPFjCQB5WVSTpLR/n+jQXhWHWVUMm9MaOaG9BGOG0MSyt7yA4+Lm+4c9rTc03tt3nYzeYSfw==}

  '@shikijs/transformers@1.14.1':
    resolution: {integrity: sha512-JJqL8QBVCJh3L61jqqEXgFq1cTycwjcGj7aSmqOEsbxnETM9hRlaB74QuXvY/fVJNjbNt8nvWo0VwAXKvMSLRg==}

  '@types/estree@1.0.5':
    resolution: {integrity: sha512-/kYRxGDLWzHOB7q+wtSUQlFrtcdUccpfy+X+9iMBpHK8QLLhx2wIPYuS5DYtR9Wa/YlZAbIovy7qVdB1Aq6Lyw==}

  '@types/hast@3.0.4':
    resolution: {integrity: sha512-WPs+bbQw5aCj+x6laNGWLH3wviHtoCv/P3+otBhbOhJgG8qtpdAMlTCxLtsTWA7LH1Oh/bFCHsBn0TPS5m30EQ==}

  '@types/linkify-it@5.0.0':
    resolution: {integrity: sha512-sVDA58zAw4eWAffKOaQH5/5j3XeayukzDk+ewSsnv3p4yJEZHCCzMDiZM8e0OUrRvmpGZ85jf4yDHkHsgBNr9Q==}

  '@types/markdown-it@14.1.2':
    resolution: {integrity: sha512-promo4eFwuiW+TfGxhi+0x3czqTYJkG8qB17ZUJiVF10Xm7NLVRSLUsfRTU/6h1e24VvRnXCx+hG7li58lkzog==}

  '@types/mdurl@2.0.0':
    resolution: {integrity: sha512-RGdgjQUZba5p6QEFAVx2OGb8rQDL/cPRG7GiedRzMcJ1tYnUANBncjbSB1NRGwbvjcPeikRABz2nshyPk1bhWg==}

  '@types/unist@3.0.2':
    resolution: {integrity: sha512-dqId9J8K/vGi5Zr7oo212BGii5m3q5Hxlkwy3WpYuKPklmBEvsbMYYyLxAQpSffdLl/gdW0XUpKWFvYmyoWCoQ==}

  '@types/web-bluetooth@0.0.20':
    resolution: {integrity: sha512-g9gZnnXVq7gM7v3tJCWV/qw7w+KeOlSHAhgF9RytFyifW6AF61hdT2ucrYhPq9hLs5JIryeupHV3qGk95dH9ow==}

  '@vitejs/plugin-vue@5.1.2':
    resolution: {integrity: sha512-nY9IwH12qeiJqumTCLJLE7IiNx7HZ39cbHaysEUd+Myvbz9KAqd2yq+U01Kab1R/H1BmiyM2ShTYlNH32Fzo3A==}
    engines: {node: ^18.0.0 || >=20.0.0}
    peerDependencies:
      vite: ^5.0.0
      vue: ^3.2.25

  '@vue/compiler-core@3.5.3':
    resolution: {integrity: sha512-adAfy9boPkP233NTyvLbGEqVuIfK/R0ZsBsIOW4BZNfb4BRpRW41Do1u+ozJpsb+mdoy80O20IzAsHaihRb5qA==}

  '@vue/compiler-dom@3.5.3':
    resolution: {integrity: sha512-wnzFArg9zpvk/811CDOZOadJRugf1Bgl/TQ3RfV4nKfSPok4hi0w10ziYUQR6LnnBAUlEXYLUfZ71Oj9ds/+QA==}

  '@vue/compiler-sfc@3.5.3':
    resolution: {integrity: sha512-P3uATLny2tfyvMB04OQFe7Sczteno7SLFxwrOA/dw01pBWQHB5HL15a8PosoNX2aG/EAMGqnXTu+1LnmzFhpTQ==}

  '@vue/compiler-ssr@3.5.3':
    resolution: {integrity: sha512-F/5f+r2WzL/2YAPl7UlKcJWHrvoZN8XwEBLnT7S4BXwncH25iDOabhO2M2DWioyTguJAGavDOawejkFXj8EM1w==}

  '@vue/devtools-api@7.3.8':
    resolution: {integrity: sha512-NURFwmxz4WukFU54IHgyGI2KSejdgHG5JC4xTcWmTWEBIc8aelj9fBy4qsboObGHFp3JIdRxxANO9s2wZA/pVQ==}

  '@vue/devtools-kit@7.3.8':
    resolution: {integrity: sha512-HYy3MQP1nZ6GbE4vrgJ/UB+MvZnhYmEwCa/UafrEpdpwa+jNCkz1ZdUrC5I7LpkH1ShREEV2/pZlAQdBj+ncLQ==}

  '@vue/devtools-shared@7.3.8':
    resolution: {integrity: sha512-1NiJbn7Yp47nPDWhFZyEKpB2+5/+7JYv8IQnU0ccMrgslPR2dL7u1DIyI7mLqy4HN1ll36gQy0k8GqBYSFgZJw==}

  '@vue/reactivity@3.5.3':
    resolution: {integrity: sha512-2w61UnRWTP7+rj1H/j6FH706gRBHdFVpIqEkSDAyIpafBXYH8xt4gttstbbCWdU3OlcSWO8/3mbKl/93/HSMpw==}

  '@vue/runtime-core@3.5.3':
    resolution: {integrity: sha512-5b2AQw5OZlmCzSsSBWYoZOsy75N4UdMWenTfDdI5bAzXnuVR7iR8Q4AOzQm2OGoA41xjk53VQKrqQhOz2ktWaw==}

  '@vue/runtime-dom@3.5.3':
    resolution: {integrity: sha512-wPR1DEGc3XnQ7yHbmkTt3GoY0cEnVGQnARRdAkDzZ8MbUKEs26gogCQo6AOvvgahfjIcnvWJzkZArQ1fmWjcSg==}

  '@vue/server-renderer@3.5.3':
    resolution: {integrity: sha512-28volmaZVG2PGO3V3+gBPKoSHvLlE8FGfG/GKXKkjjfxLuj/50B/0OQGakM/g6ehQeqCrZYM4eHC4Ks48eig1Q==}
    peerDependencies:
      vue: 3.5.3

  '@vue/shared@3.4.38':
    resolution: {integrity: sha512-q0xCiLkuWWQLzVrecPb0RMsNWyxICOjPrcrwxTUEHb1fsnvni4dcuyG7RT/Ie7VPTvnjzIaWzRMUBsrqNj/hhw==}

  '@vue/shared@3.5.3':
    resolution: {integrity: sha512-Jp2v8nylKBT+PlOUjun2Wp/f++TfJVFjshLzNtJDdmFJabJa7noGMncqXRM1vXGX+Yo2V7WykQFNxusSim8SCA==}

  '@vueuse/core@11.0.0':
    resolution: {integrity: sha512-shibzNGjmRjZucEm97B8V0NO5J3vPHMCE/mltxQ3vHezbDoFQBMtK11XsfwfPionxSbo+buqPmsCljtYuXIBpw==}

  '@vueuse/integrations@11.0.0':
    resolution: {integrity: sha512-B95nBX4B2q2ZETBDldrKARM/fYXBHfwdo44UbHBq4bUTi25lrlc8MwAZGqEoRvdV4ND9T6O1Rb9e4kaCJFXnqw==}
    peerDependencies:
      async-validator: ^4
      axios: ^1
      change-case: ^5
      drauu: ^0.4
      focus-trap: ^7
      fuse.js: ^7
      idb-keyval: ^6
      jwt-decode: ^4
      nprogress: ^0.2
      qrcode: ^1.5
      sortablejs: ^1
      universal-cookie: ^7
    peerDependenciesMeta:
      async-validator:
        optional: true
      axios:
        optional: true
      change-case:
        optional: true
      drauu:
        optional: true
      focus-trap:
        optional: true
      fuse.js:
        optional: true
      idb-keyval:
        optional: true
      jwt-decode:
        optional: true
      nprogress:
        optional: true
      qrcode:
        optional: true
      sortablejs:
        optional: true
      universal-cookie:
        optional: true

  '@vueuse/metadata@11.0.0':
    resolution: {integrity: sha512-0TKsAVT0iUOAPWyc9N79xWYfovJVPATiOPVKByG6jmAYdDiwvMVm9xXJ5hp4I8nZDxpCcYlLq/Rg9w1Z/jrGcg==}

  '@vueuse/shared@11.0.0':
    resolution: {integrity: sha512-i4ZmOrIEjSsL94uAEt3hz88UCz93fMyP/fba9S+vypX90fKg3uYX9cThqvWc9aXxuTzR0UGhOKOTQd//Goh1nQ==}

  algoliasearch@4.22.1:
    resolution: {integrity: sha512-jwydKFQJKIx9kIZ8Jm44SdpigFwRGPESaxZBaHSV0XWN2yBJAOT4mT7ppvlrpA4UGzz92pqFnVKr/kaZXrcreg==}

  argparse@2.0.1:
    resolution: {integrity: sha512-8+9WqebbFzpX9OR+Wa6O29asIogeRMzcGtAINdpMHHyAg10f05aSFVBbcEqGf/PXw1EjAZ+q2/bEBg3DvurK3Q==}

  birpc@0.2.17:
    resolution: {integrity: sha512-+hkTxhot+dWsLpp3gia5AkVHIsKlZybNT5gIYiDlNzJrmYPcTM9k5/w2uaj3IPpd7LlEYpmCj4Jj1nC41VhDFg==}

  copy-anything@3.0.5:
    resolution: {integrity: sha512-yCEafptTtb4bk7GLEQoM8KVJpxAfdBJYaXyzQEgQQQgYrZiDp8SJmGKlYza6CYjEDNstAdNdKA3UuoULlEbS6w==}
    engines: {node: '>=12.13'}

  csstype@3.1.3:
    resolution: {integrity: sha512-M1uQkMl8rQK/szD0LNhtqxIPLpimGm8sOBwU7lLnCpSbTyY3yeU1Vc7l4KT5zT4s/yOxHH5O7tIuuLOCnLADRw==}

  entities@4.5.0:
    resolution: {integrity: sha512-V0hjH4dGPh9Ao5p0MoRY6BVqtwCjhz6vI5LT8AJ55H+4g9/4vbHx1I54fS0XuclLhDHArPQCiMjDxjaL8fPxhw==}
    engines: {node: '>=0.12'}

  esbuild@0.21.5:
    resolution: {integrity: sha512-mg3OPMV4hXywwpoDxu3Qda5xCKQi+vCTZq8S9J/EpkhB2HzKXq4SNFZE3+NK93JYxc8VMSep+lOUSC/RVKaBqw==}
    engines: {node: '>=12'}
    hasBin: true

  estree-walker@2.0.2:
    resolution: {integrity: sha512-Rfkk/Mp/DL7JVje3u18FxFujQlTNR2q6QfMSMB7AvCBx91NGj/ba3kCfza0f6dVDbw7YlRf/nDrn7pQrCCyQ/w==}

  focus-trap@7.5.4:
    resolution: {integrity: sha512-N7kHdlgsO/v+iD/dMoJKtsSqs5Dz/dXZVebRgJw23LDk+jMi/974zyiOYDziY2JPp8xivq9BmUGwIJMiuSBi7w==}

  fsevents@2.3.3:
    resolution: {integrity: sha512-5xoDfX+fL7faATnagmWPpbFtwh/R77WmMMqqHGS65C3vvB0YHrgF+B1YmZ3441tMj5n63k0212XNoJwzlhffQw==}
    engines: {node: ^8.16.0 || ^10.6.0 || >=11.0.0}
    os: [darwin]

  hookable@5.5.3:
    resolution: {integrity: sha512-Yc+BQe8SvoXH1643Qez1zqLRmbA5rCL+sSmk6TVos0LWVfNIB7PGncdlId77WzLGSIB5KaWgTaNTs2lNVEI6VQ==}

  is-what@4.1.16:
    resolution: {integrity: sha512-ZhMwEosbFJkA0YhFnNDgTM4ZxDRsS6HqTo7qsZM08fehyRYIYa0yHu5R6mgo1n/8MgaPBXiPimPD77baVFYg+A==}
    engines: {node: '>=12.13'}

  linkify-it@5.0.0:
    resolution: {integrity: sha512-5aHCbzQRADcdP+ATqnDuhhJ/MRIqDkZX5pyjFHRRysS8vZ5AbqGEoFIb6pYHPZ+L/OC2Lc+xT8uHVVR5CAK/wQ==}

  magic-string@0.30.11:
    resolution: {integrity: sha512-+Wri9p0QHMy+545hKww7YAu5NyzF8iomPL/RQazugQ9+Ez4Ic3mERMd8ZTX5rfK944j+560ZJi8iAwgak1Ac7A==}

  mark.js@8.11.1:
    resolution: {integrity: sha512-1I+1qpDt4idfgLQG+BNWmrqku+7/2bi5nLf4YwF8y8zXvmfiTBY3PV3ZibfrjBueCByROpuBjLLFCajqkgYoLQ==}

  markdown-it@14.1.0:
    resolution: {integrity: sha512-a54IwgWPaeBCAAsv13YgmALOF1elABB08FxO9i+r4VFk5Vl4pKokRPeX8u5TCgSsPi6ec1otfLjdOpVcgbpshg==}
    hasBin: true

  mdurl@2.0.0:
    resolution: {integrity: sha512-Lf+9+2r+Tdp5wXDXC4PcIBjTDtq4UKjCPMQhKIuzpJNW0b96kVqSwW0bT7FhRSfmAiFYgP+SCRvdrDozfh0U5w==}

  minisearch@7.1.0:
    resolution: {integrity: sha512-tv7c/uefWdEhcu6hvrfTihflgeEi2tN6VV7HJnCjK6VxM75QQJh4t9FwJCsA2EsRS8LCnu3W87CuGPWMocOLCA==}

  mitt@3.0.1:
    resolution: {integrity: sha512-vKivATfr97l2/QBCYAkXYDbrIWPM2IIKEl7YPhjCvKlG3kE2gm+uBo6nEXK3M5/Ffh/FLpKExzOQ3JJoJGFKBw==}

  nanoid@3.3.7:
    resolution: {integrity: sha512-eSRppjcPIatRIMC1U6UngP8XFcz8MQWGQdt1MTBQ7NaAmvXDfvNxbvWV3x2y6CdEUciCSsDHDQZbhYaB8QEo2g==}
    engines: {node: ^10 || ^12 || ^13.7 || ^14 || >=15.0.1}
    hasBin: true

  perfect-debounce@1.0.0:
    resolution: {integrity: sha512-xCy9V055GLEqoFaHoC1SoLIaLmWctgCUaBaWxDZ7/Zx4CTyX7cJQLJOok/orfjZAh9kEYpjJa4d0KcJmCbctZA==}

  picocolors@1.0.1:
    resolution: {integrity: sha512-anP1Z8qwhkbmu7MFP5iTt+wQKXgwzf7zTyGlcdzabySa9vd0Xt392U0rVmz9poOaBj0uHJKyyo9/upk0HrEQew==}

  postcss@8.4.41:
    resolution: {integrity: sha512-TesUflQ0WKZqAvg52PWL6kHgLKP6xB6heTOdoYM0Wt2UHyxNa4K25EZZMgKns3BH1RLVbZCREPpLY0rhnNoHVQ==}
    engines: {node: ^10 || ^12 || >=14}

  postcss@8.4.44:
    resolution: {integrity: sha512-Aweb9unOEpQ3ezu4Q00DPvvM2ZTUitJdNKeP/+uQgr1IBIqu574IaZoURId7BKtWMREwzKa9OgzPzezWGPWFQw==}
    engines: {node: ^10 || ^12 || >=14}

  preact@10.19.6:
    resolution: {integrity: sha512-gympg+T2Z1fG1unB8NH29yHJwnEaCH37Z32diPDku316OTnRPeMbiRV9kTrfZpocXjdfnWuFUl/Mj4BHaf6gnw==}

  punycode.js@2.3.1:
    resolution: {integrity: sha512-uxFIHU0YlHYhDQtV4R9J6a52SLx28BCjT+4ieh7IGbgwVJWO+km431c4yRlREUAsAmt/uMjQUyQHNEPf0M39CA==}
    engines: {node: '>=6'}

  rfdc@1.4.1:
    resolution: {integrity: sha512-q1b3N5QkRUWUl7iyylaaj3kOpIT0N2i9MqIEQXP73GVsN9cw3fdx8X63cEmWhJGi2PPCF23Ijp7ktmd39rawIA==}

  rollup@4.13.0:
    resolution: {integrity: sha512-3YegKemjoQnYKmsBlOHfMLVPPA5xLkQ8MHLLSw/fBrFaVkEayL51DilPpNNLq1exr98F2B1TzrV0FUlN3gWRPg==}
    engines: {node: '>=18.0.0', npm: '>=8.0.0'}
    hasBin: true

  search-insights@2.13.0:
    resolution: {integrity: sha512-Orrsjf9trHHxFRuo9/rzm0KIWmgzE8RMlZMzuhZOJ01Rnz3D0YBAe+V6473t6/H6c7irs6Lt48brULAiRWb3Vw==}

  shiki@1.14.1:
    resolution: {integrity: sha512-FujAN40NEejeXdzPt+3sZ3F2dx1U24BY2XTY01+MG8mbxCiA2XukXdcbyMyLAHJ/1AUUnQd1tZlvIjefWWEJeA==}

  source-map-js@1.2.0:
    resolution: {integrity: sha512-itJW8lvSA0TXEphiRoawsCksnlf8SyvmFzIhltqAHluXd88pkCd+cXJVHTDwdCr0IzwptSm035IHQktUu1QUMg==}
    engines: {node: '>=0.10.0'}

  speakingurl@14.0.1:
    resolution: {integrity: sha512-1POYv7uv2gXoyGFpBCmpDVSNV74IfsWlDW216UPjbWufNf+bSU6GdbDsxdcxtfwb4xlI3yxzOTKClUosxARYrQ==}
    engines: {node: '>=0.10.0'}

  superjson@2.2.1:
    resolution: {integrity: sha512-8iGv75BYOa0xRJHK5vRLEjE2H/i4lulTjzpUXic3Eg8akftYjkmQDa8JARQ42rlczXyFR3IeRoeFCc7RxHsYZA==}
    engines: {node: '>=16'}

  tabbable@6.2.0:
    resolution: {integrity: sha512-Cat63mxsVJlzYvN51JmVXIgNoUokrIaT2zLclCXjRd8boZ0004U4KCs/sToJ75C6sdlByWxpYnb5Boif1VSFew==}

  to-fast-properties@2.0.0:
    resolution: {integrity: sha512-/OaKK0xYrs3DmxRYqL/yDc+FxFUVYhDlXMhRmv3z915w2HF1tnN1omB354j8VUGO/hbRzyD6Y3sA7v7GS/ceog==}
    engines: {node: '>=4'}

  uc.micro@2.1.0:
    resolution: {integrity: sha512-ARDJmphmdvUk6Glw7y9DQ2bFkKBHwQHLi2lsaH6PPmz/Ka9sFOBsBluozhDltWmnv9u/cF6Rt87znRTPV+yp/A==}

  vite@5.4.1:
    resolution: {integrity: sha512-1oE6yuNXssjrZdblI9AfBbHCC41nnyoVoEZxQnID6yvQZAFBzxxkqoFLtHUMkYunL8hwOLEjgTuxpkRxvba3kA==}
    engines: {node: ^18.0.0 || >=20.0.0}
    hasBin: true
    peerDependencies:
      '@types/node': ^18.0.0 || >=20.0.0
      less: '*'
      lightningcss: ^1.21.0
      sass: '*'
      sass-embedded: '*'
      stylus: '*'
      sugarss: '*'
      terser: ^5.4.0
    peerDependenciesMeta:
      '@types/node':
        optional: true
      less:
        optional: true
      lightningcss:
        optional: true
      sass:
        optional: true
      sass-embedded:
        optional: true
      stylus:
        optional: true
      sugarss:
        optional: true
      terser:
        optional: true

  vitepress@1.3.4:
    resolution: {integrity: sha512-I1/F6OW1xl3kW4PaIMC6snxjWgf3qfziq2aqsDoFc/Gt41WbcRv++z8zjw8qGRIJ+I4bUW7ZcKFDHHN/jkH9DQ==}
    hasBin: true
    peerDependencies:
      markdown-it-mathjax3: ^4
      postcss: ^8
    peerDependenciesMeta:
      markdown-it-mathjax3:
        optional: true
      postcss:
        optional: true

  vue-demi@0.14.10:
    resolution: {integrity: sha512-nMZBOwuzabUO0nLgIcc6rycZEebF6eeUfaiQx9+WSk8e29IbLvPU9feI6tqW4kTo3hvoYAJkMh8n8D0fuISphg==}
    engines: {node: '>=12'}
    hasBin: true
    peerDependencies:
      '@vue/composition-api': ^1.0.0-rc.1
      vue: ^3.0.0-0 || ^2.6.0
    peerDependenciesMeta:
      '@vue/composition-api':
        optional: true

  vue@3.5.3:
    resolution: {integrity: sha512-xvRbd0HpuLovYbOHXRHlSBsSvmUJbo0pzbkKTApWnQGf3/cu5Z39mQeA5cZdLRVIoNf3zI6MSoOgHUT5i2jO+Q==}
    peerDependencies:
      typescript: '*'
    peerDependenciesMeta:
      typescript:
        optional: true

snapshots:

  '@algolia/autocomplete-core@1.9.3(@algolia/client-search@4.22.1)(algoliasearch@4.22.1)(search-insights@2.13.0)':
    dependencies:
      '@algolia/autocomplete-plugin-algolia-insights': 1.9.3(@algolia/client-search@4.22.1)(algoliasearch@4.22.1)(search-insights@2.13.0)
      '@algolia/autocomplete-shared': 1.9.3(@algolia/client-search@4.22.1)(algoliasearch@4.22.1)
    transitivePeerDependencies:
      - '@algolia/client-search'
      - algoliasearch
      - search-insights

  '@algolia/autocomplete-plugin-algolia-insights@1.9.3(@algolia/client-search@4.22.1)(algoliasearch@4.22.1)(search-insights@2.13.0)':
    dependencies:
      '@algolia/autocomplete-shared': 1.9.3(@algolia/client-search@4.22.1)(algoliasearch@4.22.1)
      search-insights: 2.13.0
    transitivePeerDependencies:
      - '@algolia/client-search'
      - algoliasearch

  '@algolia/autocomplete-preset-algolia@1.9.3(@algolia/client-search@4.22.1)(algoliasearch@4.22.1)':
    dependencies:
      '@algolia/autocomplete-shared': 1.9.3(@algolia/client-search@4.22.1)(algoliasearch@4.22.1)
      '@algolia/client-search': 4.22.1
      algoliasearch: 4.22.1

  '@algolia/autocomplete-shared@1.9.3(@algolia/client-search@4.22.1)(algoliasearch@4.22.1)':
    dependencies:
      '@algolia/client-search': 4.22.1
      algoliasearch: 4.22.1

  '@algolia/cache-browser-local-storage@4.22.1':
    dependencies:
      '@algolia/cache-common': 4.22.1

  '@algolia/cache-common@4.22.1': {}

  '@algolia/cache-in-memory@4.22.1':
    dependencies:
      '@algolia/cache-common': 4.22.1

  '@algolia/client-account@4.22.1':
    dependencies:
      '@algolia/client-common': 4.22.1
      '@algolia/client-search': 4.22.1
      '@algolia/transporter': 4.22.1

  '@algolia/client-analytics@4.22.1':
    dependencies:
      '@algolia/client-common': 4.22.1
      '@algolia/client-search': 4.22.1
      '@algolia/requester-common': 4.22.1
      '@algolia/transporter': 4.22.1

  '@algolia/client-common@4.22.1':
    dependencies:
      '@algolia/requester-common': 4.22.1
      '@algolia/transporter': 4.22.1

  '@algolia/client-personalization@4.22.1':
    dependencies:
      '@algolia/client-common': 4.22.1
      '@algolia/requester-common': 4.22.1
      '@algolia/transporter': 4.22.1

  '@algolia/client-search@4.22.1':
    dependencies:
      '@algolia/client-common': 4.22.1
      '@algolia/requester-common': 4.22.1
      '@algolia/transporter': 4.22.1

  '@algolia/logger-common@4.22.1': {}

  '@algolia/logger-console@4.22.1':
    dependencies:
      '@algolia/logger-common': 4.22.1

  '@algolia/requester-browser-xhr@4.22.1':
    dependencies:
      '@algolia/requester-common': 4.22.1

  '@algolia/requester-common@4.22.1': {}

  '@algolia/requester-node-http@4.22.1':
    dependencies:
      '@algolia/requester-common': 4.22.1

  '@algolia/transporter@4.22.1':
    dependencies:
      '@algolia/cache-common': 4.22.1
      '@algolia/logger-common': 4.22.1
      '@algolia/requester-common': 4.22.1

  '@babel/helper-string-parser@7.24.8': {}

  '@babel/helper-validator-identifier@7.24.7': {}

  '@babel/parser@7.25.6':
    dependencies:
      '@babel/types': 7.25.6

  '@babel/types@7.25.6':
    dependencies:
      '@babel/helper-string-parser': 7.24.8
      '@babel/helper-validator-identifier': 7.24.7
      to-fast-properties: 2.0.0

  '@docsearch/css@3.6.1': {}

  '@docsearch/js@3.6.1(@algolia/client-search@4.22.1)(search-insights@2.13.0)':
    dependencies:
      '@docsearch/react': 3.6.1(@algolia/client-search@4.22.1)(search-insights@2.13.0)
      preact: 10.19.6
    transitivePeerDependencies:
      - '@algolia/client-search'
      - '@types/react'
      - react
      - react-dom
      - search-insights

  '@docsearch/react@3.6.1(@algolia/client-search@4.22.1)(search-insights@2.13.0)':
    dependencies:
      '@algolia/autocomplete-core': 1.9.3(@algolia/client-search@4.22.1)(algoliasearch@4.22.1)(search-insights@2.13.0)
      '@algolia/autocomplete-preset-algolia': 1.9.3(@algolia/client-search@4.22.1)(algoliasearch@4.22.1)
      '@docsearch/css': 3.6.1
      algoliasearch: 4.22.1
    optionalDependencies:
      search-insights: 2.13.0
    transitivePeerDependencies:
      - '@algolia/client-search'

  '@esbuild/aix-ppc64@0.21.5':
    optional: true

  '@esbuild/android-arm64@0.21.5':
    optional: true

  '@esbuild/android-arm@0.21.5':
    optional: true

  '@esbuild/android-x64@0.21.5':
    optional: true

  '@esbuild/darwin-arm64@0.21.5':
    optional: true

  '@esbuild/darwin-x64@0.21.5':
    optional: true

  '@esbuild/freebsd-arm64@0.21.5':
    optional: true

  '@esbuild/freebsd-x64@0.21.5':
    optional: true

  '@esbuild/linux-arm64@0.21.5':
    optional: true

  '@esbuild/linux-arm@0.21.5':
    optional: true

  '@esbuild/linux-ia32@0.21.5':
    optional: true

  '@esbuild/linux-loong64@0.21.5':
    optional: true

  '@esbuild/linux-mips64el@0.21.5':
    optional: true

  '@esbuild/linux-ppc64@0.21.5':
    optional: true

  '@esbuild/linux-riscv64@0.21.5':
    optional: true

  '@esbuild/linux-s390x@0.21.5':
    optional: true

  '@esbuild/linux-x64@0.21.5':
    optional: true

  '@esbuild/netbsd-x64@0.21.5':
    optional: true

  '@esbuild/openbsd-x64@0.21.5':
    optional: true

  '@esbuild/sunos-x64@0.21.5':
    optional: true

  '@esbuild/win32-arm64@0.21.5':
    optional: true

  '@esbuild/win32-ia32@0.21.5':
    optional: true

  '@esbuild/win32-x64@0.21.5':
    optional: true

  '@jridgewell/sourcemap-codec@1.5.0': {}

  '@rollup/rollup-android-arm-eabi@4.13.0':
    optional: true

  '@rollup/rollup-android-arm64@4.13.0':
    optional: true

  '@rollup/rollup-darwin-arm64@4.13.0':
    optional: true

  '@rollup/rollup-darwin-x64@4.13.0':
    optional: true

  '@rollup/rollup-linux-arm-gnueabihf@4.13.0':
    optional: true

  '@rollup/rollup-linux-arm64-gnu@4.13.0':
    optional: true

  '@rollup/rollup-linux-arm64-musl@4.13.0':
    optional: true

  '@rollup/rollup-linux-riscv64-gnu@4.13.0':
    optional: true

  '@rollup/rollup-linux-x64-gnu@4.13.0':
    optional: true

  '@rollup/rollup-linux-x64-musl@4.13.0':
    optional: true

  '@rollup/rollup-win32-arm64-msvc@4.13.0':
    optional: true

  '@rollup/rollup-win32-ia32-msvc@4.13.0':
    optional: true

  '@rollup/rollup-win32-x64-msvc@4.13.0':
    optional: true

  '@shikijs/core@1.14.1':
    dependencies:
      '@types/hast': 3.0.4

  '@shikijs/transformers@1.14.1':
    dependencies:
      shiki: 1.14.1

  '@types/estree@1.0.5': {}

  '@types/hast@3.0.4':
    dependencies:
      '@types/unist': 3.0.2

  '@types/linkify-it@5.0.0': {}

  '@types/markdown-it@14.1.2':
    dependencies:
      '@types/linkify-it': 5.0.0
      '@types/mdurl': 2.0.0

  '@types/mdurl@2.0.0': {}

  '@types/unist@3.0.2': {}

  '@types/web-bluetooth@0.0.20': {}

  '@vitejs/plugin-vue@5.1.2(vite@5.4.1)(vue@3.5.3)':
    dependencies:
      vite: 5.4.1
      vue: 3.5.3

  '@vue/compiler-core@3.5.3':
    dependencies:
      '@babel/parser': 7.25.6
      '@vue/shared': 3.5.3
      entities: 4.5.0
      estree-walker: 2.0.2
      source-map-js: 1.2.0

  '@vue/compiler-dom@3.5.3':
    dependencies:
      '@vue/compiler-core': 3.5.3
      '@vue/shared': 3.5.3

  '@vue/compiler-sfc@3.5.3':
    dependencies:
      '@babel/parser': 7.25.6
      '@vue/compiler-core': 3.5.3
      '@vue/compiler-dom': 3.5.3
      '@vue/compiler-ssr': 3.5.3
      '@vue/shared': 3.5.3
      estree-walker: 2.0.2
      magic-string: 0.30.11
      postcss: 8.4.44
      source-map-js: 1.2.0

  '@vue/compiler-ssr@3.5.3':
    dependencies:
      '@vue/compiler-dom': 3.5.3
      '@vue/shared': 3.5.3

  '@vue/devtools-api@7.3.8':
    dependencies:
      '@vue/devtools-kit': 7.3.8

  '@vue/devtools-kit@7.3.8':
    dependencies:
      '@vue/devtools-shared': 7.3.8
      birpc: 0.2.17
      hookable: 5.5.3
      mitt: 3.0.1
      perfect-debounce: 1.0.0
      speakingurl: 14.0.1
      superjson: 2.2.1

  '@vue/devtools-shared@7.3.8':
    dependencies:
      rfdc: 1.4.1

  '@vue/reactivity@3.5.3':
    dependencies:
      '@vue/shared': 3.5.3

  '@vue/runtime-core@3.5.3':
    dependencies:
      '@vue/reactivity': 3.5.3
      '@vue/shared': 3.5.3

  '@vue/runtime-dom@3.5.3':
    dependencies:
      '@vue/reactivity': 3.5.3
      '@vue/runtime-core': 3.5.3
      '@vue/shared': 3.5.3
      csstype: 3.1.3

  '@vue/server-renderer@3.5.3(vue@3.5.3)':
    dependencies:
      '@vue/compiler-ssr': 3.5.3
      '@vue/shared': 3.5.3
      vue: 3.5.3

  '@vue/shared@3.4.38': {}

  '@vue/shared@3.5.3': {}

  '@vueuse/core@11.0.0(vue@3.5.3)':
    dependencies:
      '@types/web-bluetooth': 0.0.20
      '@vueuse/metadata': 11.0.0
      '@vueuse/shared': 11.0.0(vue@3.5.3)
      vue-demi: 0.14.10(vue@3.5.3)
    transitivePeerDependencies:
      - '@vue/composition-api'
      - vue

  '@vueuse/integrations@11.0.0(focus-trap@7.5.4)(vue@3.5.3)':
    dependencies:
      '@vueuse/core': 11.0.0(vue@3.5.3)
      '@vueuse/shared': 11.0.0(vue@3.5.3)
      vue-demi: 0.14.10(vue@3.5.3)
    optionalDependencies:
      focus-trap: 7.5.4
    transitivePeerDependencies:
      - '@vue/composition-api'
      - vue

  '@vueuse/metadata@11.0.0': {}

  '@vueuse/shared@11.0.0(vue@3.5.3)':
    dependencies:
      vue-demi: 0.14.10(vue@3.5.3)
    transitivePeerDependencies:
      - '@vue/composition-api'
      - vue

  algoliasearch@4.22.1:
    dependencies:
      '@algolia/cache-browser-local-storage': 4.22.1
      '@algolia/cache-common': 4.22.1
      '@algolia/cache-in-memory': 4.22.1
      '@algolia/client-account': 4.22.1
      '@algolia/client-analytics': 4.22.1
      '@algolia/client-common': 4.22.1
      '@algolia/client-personalization': 4.22.1
      '@algolia/client-search': 4.22.1
      '@algolia/logger-common': 4.22.1
      '@algolia/logger-console': 4.22.1
      '@algolia/requester-browser-xhr': 4.22.1
      '@algolia/requester-common': 4.22.1
      '@algolia/requester-node-http': 4.22.1
      '@algolia/transporter': 4.22.1

  argparse@2.0.1: {}

  birpc@0.2.17: {}

  copy-anything@3.0.5:
    dependencies:
      is-what: 4.1.16

  csstype@3.1.3: {}

  entities@4.5.0: {}

  esbuild@0.21.5:
    optionalDependencies:
      '@esbuild/aix-ppc64': 0.21.5
      '@esbuild/android-arm': 0.21.5
      '@esbuild/android-arm64': 0.21.5
      '@esbuild/android-x64': 0.21.5
      '@esbuild/darwin-arm64': 0.21.5
      '@esbuild/darwin-x64': 0.21.5
      '@esbuild/freebsd-arm64': 0.21.5
      '@esbuild/freebsd-x64': 0.21.5
      '@esbuild/linux-arm': 0.21.5
      '@esbuild/linux-arm64': 0.21.5
      '@esbuild/linux-ia32': 0.21.5
      '@esbuild/linux-loong64': 0.21.5
      '@esbuild/linux-mips64el': 0.21.5
      '@esbuild/linux-ppc64': 0.21.5
      '@esbuild/linux-riscv64': 0.21.5
      '@esbuild/linux-s390x': 0.21.5
      '@esbuild/linux-x64': 0.21.5
      '@esbuild/netbsd-x64': 0.21.5
      '@esbuild/openbsd-x64': 0.21.5
      '@esbuild/sunos-x64': 0.21.5
      '@esbuild/win32-arm64': 0.21.5
      '@esbuild/win32-ia32': 0.21.5
      '@esbuild/win32-x64': 0.21.5

  estree-walker@2.0.2: {}

  focus-trap@7.5.4:
    dependencies:
      tabbable: 6.2.0

  fsevents@2.3.3:
    optional: true

  hookable@5.5.3: {}

  is-what@4.1.16: {}

  linkify-it@5.0.0:
    dependencies:
      uc.micro: 2.1.0

  magic-string@0.30.11:
    dependencies:
      '@jridgewell/sourcemap-codec': 1.5.0

  mark.js@8.11.1: {}

  markdown-it@14.1.0:
    dependencies:
      argparse: 2.0.1
      entities: 4.5.0
      linkify-it: 5.0.0
      mdurl: 2.0.0
      punycode.js: 2.3.1
      uc.micro: 2.1.0

  mdurl@2.0.0: {}

  minisearch@7.1.0: {}

  mitt@3.0.1: {}

  nanoid@3.3.7: {}

  perfect-debounce@1.0.0: {}

  picocolors@1.0.1: {}

  postcss@8.4.41:
    dependencies:
      nanoid: 3.3.7
      picocolors: 1.0.1
      source-map-js: 1.2.0

  postcss@8.4.44:
    dependencies:
      nanoid: 3.3.7
      picocolors: 1.0.1
      source-map-js: 1.2.0

  preact@10.19.6: {}

  punycode.js@2.3.1: {}

  rfdc@1.4.1: {}

  rollup@4.13.0:
    dependencies:
      '@types/estree': 1.0.5
    optionalDependencies:
      '@rollup/rollup-android-arm-eabi': 4.13.0
      '@rollup/rollup-android-arm64': 4.13.0
      '@rollup/rollup-darwin-arm64': 4.13.0
      '@rollup/rollup-darwin-x64': 4.13.0
      '@rollup/rollup-linux-arm-gnueabihf': 4.13.0
      '@rollup/rollup-linux-arm64-gnu': 4.13.0
      '@rollup/rollup-linux-arm64-musl': 4.13.0
      '@rollup/rollup-linux-riscv64-gnu': 4.13.0
      '@rollup/rollup-linux-x64-gnu': 4.13.0
      '@rollup/rollup-linux-x64-musl': 4.13.0
      '@rollup/rollup-win32-arm64-msvc': 4.13.0
      '@rollup/rollup-win32-ia32-msvc': 4.13.0
      '@rollup/rollup-win32-x64-msvc': 4.13.0
      fsevents: 2.3.3

  search-insights@2.13.0: {}

  shiki@1.14.1:
    dependencies:
      '@shikijs/core': 1.14.1
      '@types/hast': 3.0.4

  source-map-js@1.2.0: {}

  speakingurl@14.0.1: {}

  superjson@2.2.1:
    dependencies:
      copy-anything: 3.0.5

  tabbable@6.2.0: {}

  to-fast-properties@2.0.0: {}

  uc.micro@2.1.0: {}

  vite@5.4.1:
    dependencies:
      esbuild: 0.21.5
      postcss: 8.4.41
      rollup: 4.13.0
    optionalDependencies:
      fsevents: 2.3.3

  vitepress@1.3.4(@algolia/client-search@4.22.1)(postcss@8.4.44)(search-insights@2.13.0):
    dependencies:
      '@docsearch/css': 3.6.1
      '@docsearch/js': 3.6.1(@algolia/client-search@4.22.1)(search-insights@2.13.0)
      '@shikijs/core': 1.14.1
      '@shikijs/transformers': 1.14.1
      '@types/markdown-it': 14.1.2
      '@vitejs/plugin-vue': 5.1.2(vite@5.4.1)(vue@3.5.3)
      '@vue/devtools-api': 7.3.8
      '@vue/shared': 3.4.38
      '@vueuse/core': 11.0.0(vue@3.5.3)
      '@vueuse/integrations': 11.0.0(focus-trap@7.5.4)(vue@3.5.3)
      focus-trap: 7.5.4
      mark.js: 8.11.1
      minisearch: 7.1.0
      shiki: 1.14.1
      vite: 5.4.1
      vue: 3.5.3
    optionalDependencies:
      postcss: 8.4.44
    transitivePeerDependencies:
      - '@algolia/client-search'
      - '@types/node'
      - '@types/react'
      - '@vue/composition-api'
      - async-validator
      - axios
      - change-case
      - drauu
      - fuse.js
      - idb-keyval
      - jwt-decode
      - less
      - lightningcss
      - nprogress
      - qrcode
      - react
      - react-dom
      - sass
      - sass-embedded
      - search-insights
      - sortablejs
      - stylus
      - sugarss
      - terser
      - typescript
      - universal-cookie

  vue-demi@0.14.10(vue@3.5.3):
    dependencies:
      vue: 3.5.3

  vue@3.5.3:
    dependencies:
      '@vue/compiler-dom': 3.5.3
      '@vue/compiler-sfc': 3.5.3
      '@vue/runtime-dom': 3.5.3
      '@vue/server-renderer': 3.5.3(vue@3.5.3)
      '@vue/shared': 3.5.3
